
Microsoft Visual Studio Solution File, Format Version 12.00
# Visual Studio Version 17
VisualStudioVersion = 17.9.34622.214
MinimumVisualStudioVersion = 10.0.40219.1
Project("{FAE04EC0-301F-11D3-BF4B-00C04F79EFBC}") = "ClassTypes", "ClassTypes\ClassTypes.csproj", "{C95D688B-2C27-468A-946B-FE3063A09C21}"
EndProject
Global
	GlobalSection(SolutionConfigurationPlatforms) = preSolution
		Debug|Any CPU = Debug|Any CPU
		Release|Any CPU = Release|Any CPU
	EndGlobalSection
	GlobalSection(ProjectConfigurationPlatforms) = postSolution
		{C95D688B-2C27-468A-946B-FE3063A09C21}.Debug|Any CPU.ActiveCfg = Debug|Any CPU
		{C95D688B-2C27-468A-946B-FE3063A09C21}.Debug|Any CPU.Build.0 = Debug|Any CPU
		{C95D688B-2C27-468A-946B-FE3063A09C21}.Release|Any CPU.ActiveCfg = Release|Any CPU
		{C95D688B-2C27-468A-946B-FE3063A09C21}.Release|Any CPU.Build.0 = Release|Any CPU
	EndGlobalSection
	GlobalSection(SolutionProperties) = preSolution
		HideSolutionNode = FALSE
	EndGlobalSection
	GlobalSection(ExtensibilityGlobals) = postSolution
		SolutionGuid = {77BF8CAB-B13F-434F-9A60-170D628F99EC}
	EndGlobalSection
EndGlobal
