
Microsoft Visual Studio Solution File, Format Version 12.00
# Visual Studio Version 17
VisualStudioVersion = 17.12.35514.174
MinimumVisualStudioVersion = 10.0.40219.1
Project("{8BC9CEB8-8B4A-11D0-8D11-00A0C91BC942}") = "SE_asm01", "SE_asm01\SE_asm01.vcxproj", "{6747668A-8295-440A-A5B4-CDFC6BC6080A}"
EndProject
Project("{8BC9CEB8-8B4A-11D0-8D11-00A0C91BC942}") = "SE_asm01a", "SE_asm01a\SE_asm01a.vcxproj", "{5865C91D-2F87-4A03-A031-2BCF57F89357}"
EndProject
Project("{8BC9CEB8-8B4A-11D0-8D11-00A0C91BC942}") = "SE_asm01b", "SE_asm01b\SE_asm01b.vcxproj", "{95FEB7B6-A317-4028-A637-4B211683440B}"
EndProject
Project("{8BC9CEB8-8B4A-11D0-8D11-00A0C91BC942}") = "SE_asm01c", "SE_asm01c\SE_asm01c.vcxproj", "{C66E8D6F-9BDC-460F-B77B-58FCB9C6A547}"
EndProject
Project("{8BC9CEB8-8B4A-11D0-8D11-00A0C91BC942}") = "SE_asm01d", "SE_asm01d\SE_asm01d.vcxproj", "{C06D9691-906F-483A-9B87-C66C58446B43}"
EndProject
Project("{8BC9CEB8-8B4A-11D0-8D11-00A0C91BC942}") = "SE_asm01e", "SE_asm01e\SE_asm01e.vcxproj", "{77C39DFA-5219-473E-AFE6-4B7123238958}"
EndProject
Global
	GlobalSection(SolutionConfigurationPlatforms) = preSolution
		Debug|x64 = Debug|x64
		Debug|x86 = Debug|x86
		Release|x64 = Release|x64
		Release|x86 = Release|x86
	EndGlobalSection
	GlobalSection(ProjectConfigurationPlatforms) = postSolution
		{6747668A-8295-440A-A5B4-CDFC6BC6080A}.Debug|x64.ActiveCfg = Debug|x64
		{6747668A-8295-440A-A5B4-CDFC6BC6080A}.Debug|x64.Build.0 = Debug|x64
		{6747668A-8295-440A-A5B4-CDFC6BC6080A}.Debug|x86.ActiveCfg = Debug|Win32
		{6747668A-8295-440A-A5B4-CDFC6BC6080A}.Debug|x86.Build.0 = Debug|Win32
		{6747668A-8295-440A-A5B4-CDFC6BC6080A}.Release|x64.ActiveCfg = Release|x64
		{6747668A-8295-440A-A5B4-CDFC6BC6080A}.Release|x64.Build.0 = Release|x64
		{6747668A-8295-440A-A5B4-CDFC6BC6080A}.Release|x86.ActiveCfg = Release|Win32
		{6747668A-8295-440A-A5B4-CDFC6BC6080A}.Release|x86.Build.0 = Release|Win32
		{5865C91D-2F87-4A03-A031-2BCF57F89357}.Debug|x64.ActiveCfg = Debug|x64
		{5865C91D-2F87-4A03-A031-2BCF57F89357}.Debug|x64.Build.0 = Debug|x64
		{5865C91D-2F87-4A03-A031-2BCF57F89357}.Debug|x86.ActiveCfg = Debug|Win32
		{5865C91D-2F87-4A03-A031-2BCF57F89357}.Debug|x86.Build.0 = Debug|Win32
		{5865C91D-2F87-4A03-A031-2BCF57F89357}.Release|x64.ActiveCfg = Release|x64
		{5865C91D-2F87-4A03-A031-2BCF57F89357}.Release|x64.Build.0 = Release|x64
		{5865C91D-2F87-4A03-A031-2BCF57F89357}.Release|x86.ActiveCfg = Release|Win32
		{5865C91D-2F87-4A03-A031-2BCF57F89357}.Release|x86.Build.0 = Release|Win32
		{95FEB7B6-A317-4028-A637-4B211683440B}.Debug|x64.ActiveCfg = Debug|x64
		{95FEB7B6-A317-4028-A637-4B211683440B}.Debug|x64.Build.0 = Debug|x64
		{95FEB7B6-A317-4028-A637-4B211683440B}.Debug|x86.ActiveCfg = Debug|Win32
		{95FEB7B6-A317-4028-A637-4B211683440B}.Debug|x86.Build.0 = Debug|Win32
		{95FEB7B6-A317-4028-A637-4B211683440B}.Release|x64.ActiveCfg = Release|x64
		{95FEB7B6-A317-4028-A637-4B211683440B}.Release|x64.Build.0 = Release|x64
		{95FEB7B6-A317-4028-A637-4B211683440B}.Release|x86.ActiveCfg = Release|Win32
		{95FEB7B6-A317-4028-A637-4B211683440B}.Release|x86.Build.0 = Release|Win32
		{C66E8D6F-9BDC-460F-B77B-58FCB9C6A547}.Debug|x64.ActiveCfg = Debug|x64
		{C66E8D6F-9BDC-460F-B77B-58FCB9C6A547}.Debug|x64.Build.0 = Debug|x64
		{C66E8D6F-9BDC-460F-B77B-58FCB9C6A547}.Debug|x86.ActiveCfg = Debug|Win32
		{C66E8D6F-9BDC-460F-B77B-58FCB9C6A547}.Debug|x86.Build.0 = Debug|Win32
		{C66E8D6F-9BDC-460F-B77B-58FCB9C6A547}.Release|x64.ActiveCfg = Release|x64
		{C66E8D6F-9BDC-460F-B77B-58FCB9C6A547}.Release|x64.Build.0 = Release|x64
		{C66E8D6F-9BDC-460F-B77B-58FCB9C6A547}.Release|x86.ActiveCfg = Release|Win32
		{C66E8D6F-9BDC-460F-B77B-58FCB9C6A547}.Release|x86.Build.0 = Release|Win32
		{C06D9691-906F-483A-9B87-C66C58446B43}.Debug|x64.ActiveCfg = Debug|x64
		{C06D9691-906F-483A-9B87-C66C58446B43}.Debug|x64.Build.0 = Debug|x64
		{C06D9691-906F-483A-9B87-C66C58446B43}.Debug|x86.ActiveCfg = Debug|Win32
		{C06D9691-906F-483A-9B87-C66C58446B43}.Debug|x86.Build.0 = Debug|Win32
		{C06D9691-906F-483A-9B87-C66C58446B43}.Release|x64.ActiveCfg = Release|x64
		{C06D9691-906F-483A-9B87-C66C58446B43}.Release|x64.Build.0 = Release|x64
		{C06D9691-906F-483A-9B87-C66C58446B43}.Release|x86.ActiveCfg = Release|Win32
		{C06D9691-906F-483A-9B87-C66C58446B43}.Release|x86.Build.0 = Release|Win32
		{77C39DFA-5219-473E-AFE6-4B7123238958}.Debug|x64.ActiveCfg = Debug|x64
		{77C39DFA-5219-473E-AFE6-4B7123238958}.Debug|x64.Build.0 = Debug|x64
		{77C39DFA-5219-473E-AFE6-4B7123238958}.Debug|x86.ActiveCfg = Debug|Win32
		{77C39DFA-5219-473E-AFE6-4B7123238958}.Debug|x86.Build.0 = Debug|Win32
		{77C39DFA-5219-473E-AFE6-4B7123238958}.Release|x64.ActiveCfg = Release|x64
		{77C39DFA-5219-473E-AFE6-4B7123238958}.Release|x64.Build.0 = Release|x64
		{77C39DFA-5219-473E-AFE6-4B7123238958}.Release|x86.ActiveCfg = Release|Win32
		{77C39DFA-5219-473E-AFE6-4B7123238958}.Release|x86.Build.0 = Release|Win32
	EndGlobalSection
	GlobalSection(SolutionProperties) = preSolution
		HideSolutionNode = FALSE
	EndGlobalSection
EndGlobal
