
Microsoft Visual Studio Solution File, Format Version 12.00
# Visual Studio Version 17
VisualStudioVersion = 17.9.34622.214
MinimumVisualStudioVersion = 10.0.40219.1
Project("{FAE04EC0-301F-11D3-BF4B-00C04F79EFBC}") = "Inheritance", "Inheritance\Inheritance.csproj", "{4121AEFA-BA7A-4AA6-8F49-B3EC347CFA25}"
EndProject
Global
	GlobalSection(SolutionConfigurationPlatforms) = preSolution
		Debug|Any CPU = Debug|Any CPU
		Release|Any CPU = Release|Any CPU
	EndGlobalSection
	GlobalSection(ProjectConfigurationPlatforms) = postSolution
		{4121AEFA-BA7A-4AA6-8F49-B3EC347CFA25}.Debug|Any CPU.ActiveCfg = Debug|Any CPU
		{4121AEFA-BA7A-4AA6-8F49-B3EC347CFA25}.Debug|Any CPU.Build.0 = Debug|Any CPU
		{4121AEFA-BA7A-4AA6-8F49-B3EC347CFA25}.Release|Any CPU.ActiveCfg = Release|Any CPU
		{4121AEFA-BA7A-4AA6-8F49-B3EC347CFA25}.Release|Any CPU.Build.0 = Release|Any CPU
	EndGlobalSection
	GlobalSection(SolutionProperties) = preSolution
		HideSolutionNode = FALSE
	EndGlobalSection
	GlobalSection(ExtensibilityGlobals) = postSolution
		SolutionGuid = {3D2519DB-FDB2-4EBD-8ACA-0665EFEDDA11}
	EndGlobalSection
EndGlobal
